
Microsoft Visual Studio Solution File, Format Version 12.00
# Visual Studio 15
VisualStudioVersion = 15.0.28010.2041
MinimumVisualStudioVersion = 10.0.40219.1
Project("{FAE04EC0-301F-11D3-BF4B-00C04F79EFBC}") = "KujiTest", "KujiTest\KujiTest.csproj", "{49BBE959-BD75-43D3-9CB3-472B2FAC99CC}"
EndProject
Global
	GlobalSection(SolutionConfigurationPlatforms) = preSolution
		Debug|Any CPU = Debug|Any CPU
		Release|Any CPU = Release|Any CPU
	EndGlobalSection
	GlobalSection(ProjectConfigurationPlatforms) = postSolution
		{49BBE959-BD75-43D3-9CB3-472B2FAC99CC}.Debug|Any CPU.ActiveCfg = Debug|Any CPU
		{49BBE959-BD75-43D3-9CB3-472B2FAC99CC}.Debug|Any CPU.Build.0 = Debug|Any CPU
		{49BBE959-BD75-43D3-9CB3-472B2FAC99CC}.Release|Any CPU.ActiveCfg = Release|Any CPU
		{49BBE959-BD75-43D3-9CB3-472B2FAC99CC}.Release|Any CPU.Build.0 = Release|Any CPU
	EndGlobalSection
	GlobalSection(SolutionProperties) = preSolution
		HideSolutionNode = FALSE
	EndGlobalSection
	GlobalSection(ExtensibilityGlobals) = postSolution
		SolutionGuid = {59DE04A1-A5CA-4582-8DBE-EB1FFB560BB3}
	EndGlobalSection
EndGlobal
